
Microsoft Visual Studio Solution File, Format Version 12.00
# Visual Studio Version 17
VisualStudioVersion = 17.5.33424.131
MinimumVisualStudioVersion = 10.0.40219.1
Project("{8BC9CEB8-8B4A-11D0-8D11-00A0C91BC942}") = "ParadigmaOOP2", "ParadigmaOOP2\ParadigmaOOP2.vcxproj", "{B93A9C18-C32D-4095-8324-E57C8E02BC9E}"
EndProject
Project("{8BC9CEB8-8B4A-11D0-8D11-00A0C91BC942}") = "SolveMultiwaris", "SolveMultiwaris\SolveMultiwaris.vcxproj", "{F12A4EC8-F57E-4B55-83ED-80D47599DE78}"
EndProject
Project("{8BC9CEB8-8B4A-11D0-8D11-00A0C91BC942}") = "Program noOverriding", "Program noOverriding\Program noOverriding.vcxproj", "{F20E2F78-5853-4A70-B6D1-B9D9F414979F}"
EndProject
Project("{8BC9CEB8-8B4A-11D0-8D11-00A0C91BC942}") = "Program enkapsulasi", "Program enkapsulasi\Program enkapsulasi.vcxproj", "{7D82C8A2-7AA5-4911-B34C-E80564B5A12E}"
EndProject
Project("{8BC9CEB8-8B4A-11D0-8D11-00A0C91BC942}") = "Polymorphism", "Polymorphism\Polymorphism.vcxproj", "{AE13375C-6C38-4045-9430-F4B498ED8B6A}"
EndProject
Project("{8BC9CEB8-8B4A-11D0-8D11-00A0C91BC942}") = "Program noPewarisan", "Program noPewarisan\Program noPewarisan.vcxproj", "{F36BD987-5E9D-4DC7-9B94-C399AACA5510}"
EndProject
Project("{8BC9CEB8-8B4A-11D0-8D11-00A0C91BC942}") = "Program abstraksi", "Program abstraksi\Program abstraksi.vcxproj", "{C19E6C39-124A-453E-B728-4F6227296445}"
EndProject
Global
	GlobalSection(SolutionConfigurationPlatforms) = preSolution
		Debug|x64 = Debug|x64
		Debug|x86 = Debug|x86
		Release|x64 = Release|x64
		Release|x86 = Release|x86
	EndGlobalSection
	GlobalSection(ProjectConfigurationPlatforms) = postSolution
		{B93A9C18-C32D-4095-8324-E57C8E02BC9E}.Debug|x64.ActiveCfg = Debug|x64
		{B93A9C18-C32D-4095-8324-E57C8E02BC9E}.Debug|x64.Build.0 = Debug|x64
		{B93A9C18-C32D-4095-8324-E57C8E02BC9E}.Debug|x86.ActiveCfg = Debug|Win32
		{B93A9C18-C32D-4095-8324-E57C8E02BC9E}.Debug|x86.Build.0 = Debug|Win32
		{B93A9C18-C32D-4095-8324-E57C8E02BC9E}.Release|x64.ActiveCfg = Release|x64
		{B93A9C18-C32D-4095-8324-E57C8E02BC9E}.Release|x64.Build.0 = Release|x64
		{B93A9C18-C32D-4095-8324-E57C8E02BC9E}.Release|x86.ActiveCfg = Release|Win32
		{B93A9C18-C32D-4095-8324-E57C8E02BC9E}.Release|x86.Build.0 = Release|Win32
		{F12A4EC8-F57E-4B55-83ED-80D47599DE78}.Debug|x64.ActiveCfg = Debug|x64
		{F12A4EC8-F57E-4B55-83ED-80D47599DE78}.Debug|x64.Build.0 = Debug|x64
		{F12A4EC8-F57E-4B55-83ED-80D47599DE78}.Debug|x86.ActiveCfg = Debug|Win32
		{F12A4EC8-F57E-4B55-83ED-80D47599DE78}.Debug|x86.Build.0 = Debug|Win32
		{F12A4EC8-F57E-4B55-83ED-80D47599DE78}.Release|x64.ActiveCfg = Release|x64
		{F12A4EC8-F57E-4B55-83ED-80D47599DE78}.Release|x64.Build.0 = Release|x64
		{F12A4EC8-F57E-4B55-83ED-80D47599DE78}.Release|x86.ActiveCfg = Release|Win32
		{F12A4EC8-F57E-4B55-83ED-80D47599DE78}.Release|x86.Build.0 = Release|Win32
		{F20E2F78-5853-4A70-B6D1-B9D9F414979F}.Debug|x64.ActiveCfg = Debug|x64
		{F20E2F78-5853-4A70-B6D1-B9D9F414979F}.Debug|x64.Build.0 = Debug|x64
		{F20E2F78-5853-4A70-B6D1-B9D9F414979F}.Debug|x86.ActiveCfg = Debug|Win32
		{F20E2F78-5853-4A70-B6D1-B9D9F414979F}.Debug|x86.Build.0 = Debug|Win32
		{F20E2F78-5853-4A70-B6D1-B9D9F414979F}.Release|x64.ActiveCfg = Release|x64
		{F20E2F78-5853-4A70-B6D1-B9D9F414979F}.Release|x64.Build.0 = Release|x64
		{F20E2F78-5853-4A70-B6D1-B9D9F414979F}.Release|x86.ActiveCfg = Release|Win32
		{F20E2F78-5853-4A70-B6D1-B9D9F414979F}.Release|x86.Build.0 = Release|Win32
		{7D82C8A2-7AA5-4911-B34C-E80564B5A12E}.Debug|x64.ActiveCfg = Debug|x64
		{7D82C8A2-7AA5-4911-B34C-E80564B5A12E}.Debug|x64.Build.0 = Debug|x64
		{7D82C8A2-7AA5-4911-B34C-E80564B5A12E}.Debug|x86.ActiveCfg = Debug|Win32
		{7D82C8A2-7AA5-4911-B34C-E80564B5A12E}.Debug|x86.Build.0 = Debug|Win32
		{7D82C8A2-7AA5-4911-B34C-E80564B5A12E}.Release|x64.ActiveCfg = Release|x64
		{7D82C8A2-7AA5-4911-B34C-E80564B5A12E}.Release|x64.Build.0 = Release|x64
		{7D82C8A2-7AA5-4911-B34C-E80564B5A12E}.Release|x86.ActiveCfg = Release|Win32
		{7D82C8A2-7AA5-4911-B34C-E80564B5A12E}.Release|x86.Build.0 = Release|Win32
		{AE13375C-6C38-4045-9430-F4B498ED8B6A}.Debug|x64.ActiveCfg = Debug|x64
		{AE13375C-6C38-4045-9430-F4B498ED8B6A}.Debug|x64.Build.0 = Debug|x64
		{AE13375C-6C38-4045-9430-F4B498ED8B6A}.Debug|x86.ActiveCfg = Debug|Win32
		{AE13375C-6C38-4045-9430-F4B498ED8B6A}.Debug|x86.Build.0 = Debug|Win32
		{AE13375C-6C38-4045-9430-F4B498ED8B6A}.Release|x64.ActiveCfg = Release|x64
		{AE13375C-6C38-4045-9430-F4B498ED8B6A}.Release|x64.Build.0 = Release|x64
		{AE13375C-6C38-4045-9430-F4B498ED8B6A}.Release|x86.ActiveCfg = Release|Win32
		{AE13375C-6C38-4045-9430-F4B498ED8B6A}.Release|x86.Build.0 = Release|Win32
		{F36BD987-5E9D-4DC7-9B94-C399AACA5510}.Debug|x64.ActiveCfg = Debug|x64
		{F36BD987-5E9D-4DC7-9B94-C399AACA5510}.Debug|x64.Build.0 = Debug|x64
		{F36BD987-5E9D-4DC7-9B94-C399AACA5510}.Debug|x86.ActiveCfg = Debug|Win32
		{F36BD987-5E9D-4DC7-9B94-C399AACA5510}.Debug|x86.Build.0 = Debug|Win32
		{F36BD987-5E9D-4DC7-9B94-C399AACA5510}.Release|x64.ActiveCfg = Release|x64
		{F36BD987-5E9D-4DC7-9B94-C399AACA5510}.Release|x64.Build.0 = Release|x64
		{F36BD987-5E9D-4DC7-9B94-C399AACA5510}.Release|x86.ActiveCfg = Release|Win32
		{F36BD987-5E9D-4DC7-9B94-C399AACA5510}.Release|x86.Build.0 = Release|Win32
		{C19E6C39-124A-453E-B728-4F6227296445}.Debug|x64.ActiveCfg = Debug|x64
		{C19E6C39-124A-453E-B728-4F6227296445}.Debug|x64.Build.0 = Debug|x64
		{C19E6C39-124A-453E-B728-4F6227296445}.Debug|x86.ActiveCfg = Debug|Win32
		{C19E6C39-124A-453E-B728-4F6227296445}.Debug|x86.Build.0 = Debug|Win32
		{C19E6C39-124A-453E-B728-4F6227296445}.Release|x64.ActiveCfg = Release|x64
		{C19E6C39-124A-453E-B728-4F6227296445}.Release|x64.Build.0 = Release|x64
		{C19E6C39-124A-453E-B728-4F6227296445}.Release|x86.ActiveCfg = Release|Win32
		{C19E6C39-124A-453E-B728-4F6227296445}.Release|x86.Build.0 = Release|Win32
	EndGlobalSection
	GlobalSection(SolutionProperties) = preSolution
		HideSolutionNode = FALSE
	EndGlobalSection
	GlobalSection(ExtensibilityGlobals) = postSolution
		SolutionGuid = {0A7F2BB0-4DA5-4664-9636-7230AE82169B}
	EndGlobalSection
EndGlobal
