
Microsoft Visual Studio Solution File, Format Version 12.00
# Visual Studio Version 17
VisualStudioVersion = 17.5.33424.131
MinimumVisualStudioVersion = 10.0.40219.1
Project("{8BC9CEB8-8B4A-11D0-8D11-00A0C91BC942}") = "ParadigmaOOP2", "ParadigmaOOP2\ParadigmaOOP2.vcxproj", "{B93A9C18-C32D-4095-8324-E57C8E02BC9E}"
EndProject
Project("{8BC9CEB8-8B4A-11D0-8D11-00A0C91BC942}") = "SolveMultiwaris", "SolveMultiwaris\SolveMultiwaris.vcxproj", "{F12A4EC8-F57E-4B55-83ED-80D47599DE78}"
EndProject
Project("{8BC9CEB8-8B4A-11D0-8D11-00A0C91BC942}") = "Program noOverriding", "Program noOverriding\Program noOverriding.vcxproj", "{F20E2F78-5853-4A70-B6D1-B9D9F414979F}"
EndProject
Global
	GlobalSection(SolutionConfigurationPlatforms) = preSolution
		Debug|x64 = Debug|x64
		Debug|x86 = Debug|x86
		Release|x64 = Release|x64
		Release|x86 = Release|x86
	EndGlobalSection
	GlobalSection(ProjectConfigurationPlatforms) = postSolution
		{B93A9C18-C32D-4095-8324-E57C8E02BC9E}.Debug|x64.ActiveCfg = Debug|x64
		{B93A9C18-C32D-4095-8324-E57C8E02BC9E}.Debug|x64.Build.0 = Debug|x64
		{B93A9C18-C32D-4095-8324-E57C8E02BC9E}.Debug|x86.ActiveCfg = Debug|Win32
		{B93A9C18-C32D-4095-8324-E57C8E02BC9E}.Debug|x86.Build.0 = Debug|Win32
		{B93A9C18-C32D-4095-8324-E57C8E02BC9E}.Release|x64.ActiveCfg = Release|x64
		{B93A9C18-C32D-4095-8324-E57C8E02BC9E}.Release|x64.Build.0 = Release|x64
		{B93A9C18-C32D-4095-8324-E57C8E02BC9E}.Release|x86.ActiveCfg = Release|Win32
		{B93A9C18-C32D-4095-8324-E57C8E02BC9E}.Release|x86.Build.0 = Release|Win32
		{F12A4EC8-F57E-4B55-83ED-80D47599DE78}.Debug|x64.ActiveCfg = Debug|x64
		{F12A4EC8-F57E-4B55-83ED-80D47599DE78}.Debug|x64.Build.0 = Debug|x64
		{F12A4EC8-F57E-4B55-83ED-80D47599DE78}.Debug|x86.ActiveCfg = Debug|Win32
		{F12A4EC8-F57E-4B55-83ED-80D47599DE78}.Debug|x86.Build.0 = Debug|Win32
		{F12A4EC8-F57E-4B55-83ED-80D47599DE78}.Release|x64.ActiveCfg = Release|x64
		{F12A4EC8-F57E-4B55-83ED-80D47599DE78}.Release|x64.Build.0 = Release|x64
		{F12A4EC8-F57E-4B55-83ED-80D47599DE78}.Release|x86.ActiveCfg = Release|Win32
		{F12A4EC8-F57E-4B55-83ED-80D47599DE78}.Release|x86.Build.0 = Release|Win32
		{F20E2F78-5853-4A70-B6D1-B9D9F414979F}.Debug|x64.ActiveCfg = Debug|x64
		{F20E2F78-5853-4A70-B6D1-B9D9F414979F}.Debug|x64.Build.0 = Debug|x64
		{F20E2F78-5853-4A70-B6D1-B9D9F414979F}.Debug|x86.ActiveCfg = Debug|Win32
		{F20E2F78-5853-4A70-B6D1-B9D9F414979F}.Debug|x86.Build.0 = Debug|Win32
		{F20E2F78-5853-4A70-B6D1-B9D9F414979F}.Release|x64.ActiveCfg = Release|x64
		{F20E2F78-5853-4A70-B6D1-B9D9F414979F}.Release|x64.Build.0 = Release|x64
		{F20E2F78-5853-4A70-B6D1-B9D9F414979F}.Release|x86.ActiveCfg = Release|Win32
		{F20E2F78-5853-4A70-B6D1-B9D9F414979F}.Release|x86.Build.0 = Release|Win32
	EndGlobalSection
	GlobalSection(SolutionProperties) = preSolution
		HideSolutionNode = FALSE
	EndGlobalSection
	GlobalSection(ExtensibilityGlobals) = postSolution
		SolutionGuid = {0A7F2BB0-4DA5-4664-9636-7230AE82169B}
	EndGlobalSection
EndGlobal
